# This file is @generated by PDM.
# It is not intended for manual editing.

[metadata]
groups = ["default"]
strategy = ["inherit_metadata"]
lock_version = "4.5.0"
content_hash = "sha256:ce236c7a65c3d58bd05543b6caa9f37bfb02c3f5d6596a16cab592aa7c9160d3"

[[metadata.targets]]
requires_python = ">=3.11"

[[package]]
name = "annotated-types"
version = "0.7.0"
requires_python = ">=3.8"
summary = "Reusable constraint types to use with typing.Annotated"
groups = ["default"]
dependencies = [
    "typing-extensions>=4.0.0; python_version < \"3.9\"",
]
files = [
    {file = "annotated_types-0.7.0-py3-none-any.whl", hash = "sha256:1f02e8b43a8fbbc3f3e0d4f0f4bfc8131bcb4eebe8849b8e5c773f3a1c582a53"},
    {file = "annotated_types-0.7.0.tar.gz", hash = "sha256:aff07c09a53a08bc8cfccb9c85b05f1aa9a2a6f23728d790723543408344ce89"},
]

[[package]]
name = "anyio"
version = "4.6.2.post1"
requires_python = ">=3.9"
summary = "High level compatibility layer for multiple asynchronous event loop implementations"
groups = ["default"]
dependencies = [
    "exceptiongroup>=1.0.2; python_version < \"3.11\"",
    "idna>=2.8",
    "sniffio>=1.1",
    "typing-extensions>=4.1; python_version < \"3.11\"",
]
files = [
    {file = "anyio-4.6.2.post1-py3-none-any.whl", hash = "sha256:6d170c36fba3bdd840c73d3868c1e777e33676a69c3a72cf0a0d5d6d8009b61d"},
    {file = "anyio-4.6.2.post1.tar.gz", hash = "sha256:4c8bc31ccdb51c7f7bd251f51c609e038d63e34219b44aa86e47576389880b4c"},
]

[[package]]
name = "certifi"
version = "2024.8.30"
requires_python = ">=3.6"
summary = "Python package for providing Mozilla's CA Bundle."
groups = ["default"]
files = [
    {file = "certifi-2024.8.30-py3-none-any.whl", hash = "sha256:922820b53db7a7257ffbda3f597266d435245903d80737e34f8a45ff3e3230d8"},
    {file = "certifi-2024.8.30.tar.gz", hash = "sha256:bec941d2aa8195e248a60b31ff9f0558284cf01a52591ceda73ea9afffd69fd9"},
]

[[package]]
name = "colorama"
version = "0.4.6"
requires_python = "!=3.0.*,!=3.1.*,!=3.2.*,!=3.3.*,!=3.4.*,!=3.5.*,!=3.6.*,>=2.7"
summary = "Cross-platform colored terminal text."
groups = ["default"]
marker = "platform_system == \"Windows\""
files = [
    {file = "colorama-0.4.6-py2.py3-none-any.whl", hash = "sha256:4f1d9991f5acc0ca119f9d443620b77f9d6b33703e51011c16baf57afb285fc6"},
    {file = "colorama-0.4.6.tar.gz", hash = "sha256:08695f5cb7ed6e0531a20572697297273c47b8cae5a63ffc6d6ed5c201be6e44"},
]

[[package]]
name = "distro"
version = "1.9.0"
requires_python = ">=3.6"
summary = "Distro - an OS platform information API"
groups = ["default"]
files = [
    {file = "distro-1.9.0-py3-none-any.whl", hash = "sha256:7bffd925d65168f85027d8da9af6bddab658135b840670a223589bc0c8ef02b2"},
    {file = "distro-1.9.0.tar.gz", hash = "sha256:2fa77c6fd8940f116ee1d6b94a2f90b13b5ea8d019b98bc8bafdcabcdd9bdbed"},
]

[[package]]
name = "greenlet"
version = "3.1.1"
requires_python = ">=3.7"
summary = "Lightweight in-process concurrent programming"
groups = ["default"]
files = [
    {file = "greenlet-3.1.1-cp311-cp311-macosx_11_0_universal2.whl", hash = "sha256:e4d333e558953648ca09d64f13e6d8f0523fa705f51cae3f03b5983489958c70"},
    {file = "greenlet-3.1.1-cp311-cp311-manylinux_2_17_aarch64.manylinux2014_aarch64.whl", hash = "sha256:09fc016b73c94e98e29af67ab7b9a879c307c6731a2c9da0db5a7d9b7edd1159"},
    {file = "greenlet-3.1.1-cp311-cp311-manylinux_2_17_ppc64le.manylinux2014_ppc64le.whl", hash = "sha256:d5e975ca70269d66d17dd995dafc06f1b06e8cb1ec1e9ed54c1d1e4a7c4cf26e"},
    {file = "greenlet-3.1.1-cp311-cp311-manylinux_2_17_s390x.manylinux2014_s390x.whl", hash = "sha256:3b2813dc3de8c1ee3f924e4d4227999285fd335d1bcc0d2be6dc3f1f6a318ec1"},
    {file = "greenlet-3.1.1-cp311-cp311-manylinux_2_17_x86_64.manylinux2014_x86_64.whl", hash = "sha256:e347b3bfcf985a05e8c0b7d462ba6f15b1ee1c909e2dcad795e49e91b152c383"},
    {file = "greenlet-3.1.1-cp311-cp311-manylinux_2_24_x86_64.manylinux_2_28_x86_64.whl", hash = "sha256:9e8f8c9cb53cdac7ba9793c276acd90168f416b9ce36799b9b885790f8ad6c0a"},
    {file = "greenlet-3.1.1-cp311-cp311-musllinux_1_1_aarch64.whl", hash = "sha256:62ee94988d6b4722ce0028644418d93a52429e977d742ca2ccbe1c4f4a792511"},
    {file = "greenlet-3.1.1-cp311-cp311-musllinux_1_1_x86_64.whl", hash = "sha256:1776fd7f989fc6b8d8c8cb8da1f6b82c5814957264d1f6cf818d475ec2bf6395"},
    {file = "greenlet-3.1.1-cp311-cp311-win_amd64.whl", hash = "sha256:48ca08c771c268a768087b408658e216133aecd835c0ded47ce955381105ba39"},
    {file = "greenlet-3.1.1-cp312-cp312-macosx_11_0_universal2.whl", hash = "sha256:4afe7ea89de619adc868e087b4d2359282058479d7cfb94970adf4b55284574d"},
    {file = "greenlet-3.1.1-cp312-cp312-manylinux_2_17_aarch64.manylinux2014_aarch64.whl", hash = "sha256:f406b22b7c9a9b4f8aa9d2ab13d6ae0ac3e85c9a809bd590ad53fed2bf70dc79"},
    {file = "greenlet-3.1.1-cp312-cp312-manylinux_2_17_ppc64le.manylinux2014_ppc64le.whl", hash = "sha256:c3a701fe5a9695b238503ce5bbe8218e03c3bcccf7e204e455e7462d770268aa"},
    {file = "greenlet-3.1.1-cp312-cp312-manylinux_2_17_s390x.manylinux2014_s390x.whl", hash = "sha256:2846930c65b47d70b9d178e89c7e1a69c95c1f68ea5aa0a58646b7a96df12441"},
    {file = "greenlet-3.1.1-cp312-cp312-manylinux_2_17_x86_64.manylinux2014_x86_64.whl", hash = "sha256:99cfaa2110534e2cf3ba31a7abcac9d328d1d9f1b95beede58294a60348fba36"},
    {file = "greenlet-3.1.1-cp312-cp312-manylinux_2_24_x86_64.manylinux_2_28_x86_64.whl", hash = "sha256:1443279c19fca463fc33e65ef2a935a5b09bb90f978beab37729e1c3c6c25fe9"},
    {file = "greenlet-3.1.1-cp312-cp312-musllinux_1_1_aarch64.whl", hash = "sha256:b7cede291382a78f7bb5f04a529cb18e068dd29e0fb27376074b6d0317bf4dd0"},
    {file = "greenlet-3.1.1-cp312-cp312-musllinux_1_1_x86_64.whl", hash = "sha256:23f20bb60ae298d7d8656c6ec6db134bca379ecefadb0b19ce6f19d1f232a942"},
    {file = "greenlet-3.1.1-cp312-cp312-win_amd64.whl", hash = "sha256:7124e16b4c55d417577c2077be379514321916d5790fa287c9ed6f23bd2ffd01"},
    {file = "greenlet-3.1.1-cp313-cp313-macosx_11_0_universal2.whl", hash = "sha256:05175c27cb459dcfc05d026c4232f9de8913ed006d42713cb8a5137bd49375f1"},
    {file = "greenlet-3.1.1-cp313-cp313-manylinux_2_17_aarch64.manylinux2014_aarch64.whl", hash = "sha256:935e943ec47c4afab8965954bf49bfa639c05d4ccf9ef6e924188f762145c0ff"},
    {file = "greenlet-3.1.1-cp313-cp313-manylinux_2_17_ppc64le.manylinux2014_ppc64le.whl", hash = "sha256:667a9706c970cb552ede35aee17339a18e8f2a87a51fba2ed39ceeeb1004798a"},
    {file = "greenlet-3.1.1-cp313-cp313-manylinux_2_17_s390x.manylinux2014_s390x.whl", hash = "sha256:b8a678974d1f3aa55f6cc34dc480169d58f2e6d8958895d68845fa4ab566509e"},
    {file = "greenlet-3.1.1-cp313-cp313-manylinux_2_17_x86_64.manylinux2014_x86_64.whl", hash = "sha256:efc0f674aa41b92da8c49e0346318c6075d734994c3c4e4430b1c3f853e498e4"},
    {file = "greenlet-3.1.1-cp313-cp313-manylinux_2_24_x86_64.manylinux_2_28_x86_64.whl", hash = "sha256:0153404a4bb921f0ff1abeb5ce8a5131da56b953eda6e14b88dc6bbc04d2049e"},
    {file = "greenlet-3.1.1-cp313-cp313-musllinux_1_1_aarch64.whl", hash = "sha256:275f72decf9932639c1c6dd1013a1bc266438eb32710016a1c742df5da6e60a1"},
    {file = "greenlet-3.1.1-cp313-cp313-musllinux_1_1_x86_64.whl", hash = "sha256:c4aab7f6381f38a4b42f269057aee279ab0fc7bf2e929e3d4abfae97b682a12c"},
    {file = "greenlet-3.1.1-cp313-cp313-win_amd64.whl", hash = "sha256:b42703b1cf69f2aa1df7d1030b9d77d3e584a70755674d60e710f0af570f3761"},
    {file = "greenlet-3.1.1-cp313-cp313t-manylinux_2_17_aarch64.manylinux2014_aarch64.whl", hash = "sha256:f1695e76146579f8c06c1509c7ce4dfe0706f49c6831a817ac04eebb2fd02011"},
    {file = "greenlet-3.1.1-cp313-cp313t-manylinux_2_17_ppc64le.manylinux2014_ppc64le.whl", hash = "sha256:7876452af029456b3f3549b696bb36a06db7c90747740c5302f74a9e9fa14b13"},
    {file = "greenlet-3.1.1-cp313-cp313t-manylinux_2_17_s390x.manylinux2014_s390x.whl", hash = "sha256:4ead44c85f8ab905852d3de8d86f6f8baf77109f9da589cb4fa142bd3b57b475"},
    {file = "greenlet-3.1.1-cp313-cp313t-manylinux_2_17_x86_64.manylinux2014_x86_64.whl", hash = "sha256:8320f64b777d00dd7ccdade271eaf0cad6636343293a25074cc5566160e4de7b"},
    {file = "greenlet-3.1.1-cp313-cp313t-manylinux_2_24_x86_64.manylinux_2_28_x86_64.whl", hash = "sha256:6510bf84a6b643dabba74d3049ead221257603a253d0a9873f55f6a59a65f822"},
    {file = "greenlet-3.1.1-cp313-cp313t-musllinux_1_1_aarch64.whl", hash = "sha256:04b013dc07c96f83134b1e99888e7a79979f1a247e2a9f59697fa14b5862ed01"},
    {file = "greenlet-3.1.1-cp313-cp313t-musllinux_1_1_x86_64.whl", hash = "sha256:411f015496fec93c1c8cd4e5238da364e1da7a124bcb293f085bf2860c32c6f6"},
    {file = "greenlet-3.1.1.tar.gz", hash = "sha256:4ce3ac6cdb6adf7946475d7ef31777c26d94bccc377e070a7986bd2d5c515467"},
]

[[package]]
name = "h11"
version = "0.14.0"
requires_python = ">=3.7"
summary = "A pure-Python, bring-your-own-I/O implementation of HTTP/1.1"
groups = ["default"]
dependencies = [
    "typing-extensions; python_version < \"3.8\"",
]
files = [
    {file = "h11-0.14.0-py3-none-any.whl", hash = "sha256:e3fe4ac4b851c468cc8363d500db52c2ead036020723024a109d37346efaa761"},
    {file = "h11-0.14.0.tar.gz", hash = "sha256:8f19fbbe99e72420ff35c00b27a34cb9937e902a8b810e2c88300c6f0a3b699d"},
]

[[package]]
name = "html2text"
version = "2024.2.26"
requires_python = ">=3.8"
summary = "Turn HTML into equivalent Markdown-structured text."
groups = ["default"]
files = [
    {file = "html2text-2024.2.26.tar.gz", hash = "sha256:05f8e367d15aaabc96415376776cdd11afd5127a77fce6e36afc60c563ca2c32"},
]

[[package]]
name = "httpcore"
version = "1.0.6"
requires_python = ">=3.8"
summary = "A minimal low-level HTTP client."
groups = ["default"]
dependencies = [
    "certifi",
    "h11<0.15,>=0.13",
]
files = [
    {file = "httpcore-1.0.6-py3-none-any.whl", hash = "sha256:27b59625743b85577a8c0e10e55b50b5368a4f2cfe8cc7bcfa9cf00829c2682f"},
    {file = "httpcore-1.0.6.tar.gz", hash = "sha256:73f6dbd6eb8c21bbf7ef8efad555481853f5f6acdeaff1edb0694289269ee17f"},
]

[[package]]
name = "httpx"
version = "0.27.2"
requires_python = ">=3.8"
summary = "The next generation HTTP client."
groups = ["default"]
dependencies = [
    "anyio",
    "certifi",
    "httpcore==1.*",
    "idna",
    "sniffio",
]
files = [
    {file = "httpx-0.27.2-py3-none-any.whl", hash = "sha256:7bb2708e112d8fdd7829cd4243970f0c223274051cb35ee80c03301ee29a3df0"},
    {file = "httpx-0.27.2.tar.gz", hash = "sha256:f7c2be1d2f3c3c3160d441802406b206c2b76f5947b11115e6df10c6c65e66c2"},
]

[[package]]
name = "idna"
version = "3.10"
requires_python = ">=3.6"
summary = "Internationalized Domain Names in Applications (IDNA)"
groups = ["default"]
files = [
    {file = "idna-3.10-py3-none-any.whl", hash = "sha256:946d195a0d259cbba61165e88e65941f16e9b36ea6ddb97f00452bae8b1287d3"},
    {file = "idna-3.10.tar.gz", hash = "sha256:12f65c9b470abda6dc35cf8e63cc574b1c52b11df2c86030af0ac09b01b13ea9"},
]

[[package]]
name = "jiter"
version = "0.6.1"
requires_python = ">=3.8"
summary = "Fast iterable JSON parser."
groups = ["default"]
files = [
    {file = "jiter-0.6.1-cp311-cp311-macosx_10_12_x86_64.whl", hash = "sha256:b03c24e7da7e75b170c7b2b172d9c5e463aa4b5c95696a368d52c295b3f6847f"},
    {file = "jiter-0.6.1-cp311-cp311-macosx_11_0_arm64.whl", hash = "sha256:47fee1be677b25d0ef79d687e238dc6ac91a8e553e1a68d0839f38c69e0ee491"},
    {file = "jiter-0.6.1-cp311-cp311-manylinux_2_17_aarch64.manylinux2014_aarch64.whl", hash = "sha256:25f0d2f6e01a8a0fb0eab6d0e469058dab2be46ff3139ed2d1543475b5a1d8e7"},
    {file = "jiter-0.6.1-cp311-cp311-manylinux_2_17_armv7l.manylinux2014_armv7l.whl", hash = "sha256:0b809e39e342c346df454b29bfcc7bca3d957f5d7b60e33dae42b0e5ec13e027"},
    {file = "jiter-0.6.1-cp311-cp311-manylinux_2_17_ppc64le.manylinux2014_ppc64le.whl", hash = "sha256:e9ac7c2f092f231f5620bef23ce2e530bd218fc046098747cc390b21b8738a7a"},
    {file = "jiter-0.6.1-cp311-cp311-manylinux_2_17_s390x.manylinux2014_s390x.whl", hash = "sha256:e51a2d80d5fe0ffb10ed2c82b6004458be4a3f2b9c7d09ed85baa2fbf033f54b"},
    {file = "jiter-0.6.1-cp311-cp311-manylinux_2_17_x86_64.manylinux2014_x86_64.whl", hash = "sha256:3343d4706a2b7140e8bd49b6c8b0a82abf9194b3f0f5925a78fc69359f8fc33c"},
    {file = "jiter-0.6.1-cp311-cp311-manylinux_2_5_i686.manylinux1_i686.whl", hash = "sha256:82521000d18c71e41c96960cb36e915a357bc83d63a8bed63154b89d95d05ad1"},
    {file = "jiter-0.6.1-cp311-cp311-musllinux_1_1_aarch64.whl", hash = "sha256:3c843e7c1633470708a3987e8ce617ee2979ee18542d6eb25ae92861af3f1d62"},
    {file = "jiter-0.6.1-cp311-cp311-musllinux_1_1_x86_64.whl", hash = "sha256:a2e861658c3fe849efc39b06ebb98d042e4a4c51a8d7d1c3ddc3b1ea091d0784"},
    {file = "jiter-0.6.1-cp311-none-win32.whl", hash = "sha256:7d72fc86474862c9c6d1f87b921b70c362f2b7e8b2e3c798bb7d58e419a6bc0f"},
    {file = "jiter-0.6.1-cp311-none-win_amd64.whl", hash = "sha256:3e36a320634f33a07794bb15b8da995dccb94f944d298c8cfe2bd99b1b8a574a"},
    {file = "jiter-0.6.1-cp312-cp312-macosx_10_12_x86_64.whl", hash = "sha256:1fad93654d5a7dcce0809aff66e883c98e2618b86656aeb2129db2cd6f26f867"},
    {file = "jiter-0.6.1-cp312-cp312-macosx_11_0_arm64.whl", hash = "sha256:4e6e340e8cd92edab7f6a3a904dbbc8137e7f4b347c49a27da9814015cc0420c"},
    {file = "jiter-0.6.1-cp312-cp312-manylinux_2_17_aarch64.manylinux2014_aarch64.whl", hash = "sha256:691352e5653af84ed71763c3c427cff05e4d658c508172e01e9c956dfe004aba"},
    {file = "jiter-0.6.1-cp312-cp312-manylinux_2_17_armv7l.manylinux2014_armv7l.whl", hash = "sha256:defee3949313c1f5b55e18be45089970cdb936eb2a0063f5020c4185db1b63c9"},
    {file = "jiter-0.6.1-cp312-cp312-manylinux_2_17_ppc64le.manylinux2014_ppc64le.whl", hash = "sha256:26d2bdd5da097e624081c6b5d416d3ee73e5b13f1703bcdadbb1881f0caa1933"},
    {file = "jiter-0.6.1-cp312-cp312-manylinux_2_17_s390x.manylinux2014_s390x.whl", hash = "sha256:18aa9d1626b61c0734b973ed7088f8a3d690d0b7f5384a5270cd04f4d9f26c86"},
    {file = "jiter-0.6.1-cp312-cp312-manylinux_2_17_x86_64.manylinux2014_x86_64.whl", hash = "sha256:7a3567c8228afa5ddcce950631c6b17397ed178003dc9ee7e567c4c4dcae9fa0"},
    {file = "jiter-0.6.1-cp312-cp312-manylinux_2_5_i686.manylinux1_i686.whl", hash = "sha256:e5c0507131c922defe3f04c527d6838932fcdfd69facebafd7d3574fa3395314"},
    {file = "jiter-0.6.1-cp312-cp312-musllinux_1_1_aarch64.whl", hash = "sha256:540fcb224d7dc1bcf82f90f2ffb652df96f2851c031adca3c8741cb91877143b"},
    {file = "jiter-0.6.1-cp312-cp312-musllinux_1_1_x86_64.whl", hash = "sha256:e7b75436d4fa2032b2530ad989e4cb0ca74c655975e3ff49f91a1a3d7f4e1df2"},
    {file = "jiter-0.6.1-cp312-none-win32.whl", hash = "sha256:883d2ced7c21bf06874fdeecab15014c1c6d82216765ca6deef08e335fa719e0"},
    {file = "jiter-0.6.1-cp312-none-win_amd64.whl", hash = "sha256:91e63273563401aadc6c52cca64a7921c50b29372441adc104127b910e98a5b6"},
    {file = "jiter-0.6.1-cp313-cp313-macosx_10_12_x86_64.whl", hash = "sha256:852508a54fe3228432e56019da8b69208ea622a3069458252f725d634e955b31"},
    {file = "jiter-0.6.1-cp313-cp313-macosx_11_0_arm64.whl", hash = "sha256:f491cc69ff44e5a1e8bc6bf2b94c1f98d179e1aaf4a554493c171a5b2316b701"},
    {file = "jiter-0.6.1-cp313-cp313-manylinux_2_17_aarch64.manylinux2014_aarch64.whl", hash = "sha256:cc56c8f0b2a28ad4d8047f3ae62d25d0e9ae01b99940ec0283263a04724de1f3"},
    {file = "jiter-0.6.1-cp313-cp313-manylinux_2_17_armv7l.manylinux2014_armv7l.whl", hash = "sha256:51b58f7a0d9e084a43b28b23da2b09fc5e8df6aa2b6a27de43f991293cab85fd"},
    {file = "jiter-0.6.1-cp313-cp313-manylinux_2_17_ppc64le.manylinux2014_ppc64le.whl", hash = "sha256:5f79ce15099154c90ef900d69c6b4c686b64dfe23b0114e0971f2fecd306ec6c"},
    {file = "jiter-0.6.1-cp313-cp313-manylinux_2_17_s390x.manylinux2014_s390x.whl", hash = "sha256:03a025b52009f47e53ea619175d17e4ded7c035c6fbd44935cb3ada11e1fd592"},
    {file = "jiter-0.6.1-cp313-cp313-manylinux_2_17_x86_64.manylinux2014_x86_64.whl", hash = "sha256:c74a8d93718137c021d9295248a87c2f9fdc0dcafead12d2930bc459ad40f885"},
    {file = "jiter-0.6.1-cp313-cp313-manylinux_2_5_i686.manylinux1_i686.whl", hash = "sha256:40b03b75f903975f68199fc4ec73d546150919cb7e534f3b51e727c4d6ccca5a"},
    {file = "jiter-0.6.1-cp313-cp313-musllinux_1_1_aarch64.whl", hash = "sha256:825651a3f04cf92a661d22cad61fc913400e33aa89b3e3ad9a6aa9dc8a1f5a71"},
    {file = "jiter-0.6.1-cp313-cp313-musllinux_1_1_x86_64.whl", hash = "sha256:928bf25eb69ddb292ab8177fe69d3fbf76c7feab5fce1c09265a7dccf25d3991"},
    {file = "jiter-0.6.1-cp313-none-win32.whl", hash = "sha256:352cd24121e80d3d053fab1cc9806258cad27c53cad99b7a3cac57cf934b12e4"},
    {file = "jiter-0.6.1-cp313-none-win_amd64.whl", hash = "sha256:be7503dd6f4bf02c2a9bacb5cc9335bc59132e7eee9d3e931b13d76fd80d7fda"},
    {file = "jiter-0.6.1.tar.gz", hash = "sha256:e19cd21221fc139fb032e4112986656cb2739e9fe6d84c13956ab30ccc7d4449"},
]

[[package]]
name = "jq"
version = "1.8.0"
requires_python = ">=3.6"
summary = "jq is a lightweight and flexible JSON processor."
groups = ["default"]
files = [
    {file = "jq-1.8.0-cp311-cp311-macosx_10_9_x86_64.whl", hash = "sha256:f8441fe181af789a05b742930d095ee61fc251fdd2b975c68e359ac7e85a4c2d"},
    {file = "jq-1.8.0-cp311-cp311-macosx_11_0_arm64.whl", hash = "sha256:8e687ef4b360e7436c3b5f15ee25f2570bcbcadccb940ebbc80ebe4b05b91ee2"},
    {file = "jq-1.8.0-cp311-cp311-manylinux_2_17_aarch64.manylinux2014_aarch64.whl", hash = "sha256:aaf862d1bc1d0095aef0efc76f8cef0da7ab996f2b9d34c5067e48427a069ea3"},
    {file = "jq-1.8.0-cp311-cp311-manylinux_2_17_x86_64.manylinux2014_x86_64.whl", hash = "sha256:190fd2bf92b7abec3090a1f68db40cd001178e84c42754f75253ee1f9c17dfdf"},
    {file = "jq-1.8.0-cp311-cp311-manylinux_2_5_i686.manylinux1_i686.manylinux_2_17_i686.manylinux2014_i686.whl", hash = "sha256:3ecba9f181e7810a336a520f32df998e6ecc9fdebac80c6a636e402baa939e79"},
    {file = "jq-1.8.0-cp311-cp311-musllinux_1_2_aarch64.whl", hash = "sha256:8b6322f647f9e1d7be7f6e8203106f4ff1b7c0e07c9023607c7414e1dc098b67"},
    {file = "jq-1.8.0-cp311-cp311-musllinux_1_2_i686.whl", hash = "sha256:7bed3b9cc53d72383fc558cfe03345735e7532d1733a5ed3c2196f1eec1c26d7"},
    {file = "jq-1.8.0-cp311-cp311-musllinux_1_2_x86_64.whl", hash = "sha256:1a01261e4df11d3a0fe42fece73bb458d2e4a33b481d67e5e817acec8b0e923d"},
    {file = "jq-1.8.0-cp311-cp311-win32.whl", hash = "sha256:52cac82de5608f9174d22a1a805d61ba47ea182b10a934135904648c618ebe34"},
    {file = "jq-1.8.0-cp311-cp311-win_amd64.whl", hash = "sha256:745d0f9786bd89eb9bff054ac08ce0e61877d28931857585e244e8674ac3727e"},
    {file = "jq-1.8.0-cp312-cp312-macosx_10_9_x86_64.whl", hash = "sha256:14f5988ae3604ebfdba2da398f9bd941bb3a72144a2831cfec2bc22bd23d5563"},
    {file = "jq-1.8.0-cp312-cp312-macosx_11_0_arm64.whl", hash = "sha256:f8903b66fac9f46de72b3a2f69bfa3c638a7a8d52610d1894df87ef0a9e4d2d3"},
    {file = "jq-1.8.0-cp312-cp312-manylinux_2_17_aarch64.manylinux2014_aarch64.whl", hash = "sha256:cccda466f5722fa9be789099ce253bfc177e49f9a981cb7f5b6369ea37041104"},
    {file = "jq-1.8.0-cp312-cp312-manylinux_2_17_x86_64.manylinux2014_x86_64.whl", hash = "sha256:95f57649e84a09b334eeb80d22ecc96ff7b31701f3f818ef14cb8bb162c84863"},
    {file = "jq-1.8.0-cp312-cp312-manylinux_2_5_i686.manylinux1_i686.manylinux_2_17_i686.manylinux2014_i686.whl", hash = "sha256:7453731008eb7671725222781eb7bc5ed96e80fc9a652d177cb982276d3e08b4"},
    {file = "jq-1.8.0-cp312-cp312-musllinux_1_2_aarch64.whl", hash = "sha256:917812663613fc0542117bbe7ec43c8733b0c6bb174db6be06a15fc612de3b70"},
    {file = "jq-1.8.0-cp312-cp312-musllinux_1_2_i686.whl", hash = "sha256:ec9e4db978237470e9d65f747eb459f4ffee576c9c9f8ca92ab32d5687a46e4a"},
    {file = "jq-1.8.0-cp312-cp312-musllinux_1_2_x86_64.whl", hash = "sha256:f9f2548c83473bbe88a32a0735cb949a5d01804f8d411efae5342b5d23be8a2f"},
    {file = "jq-1.8.0-cp312-cp312-win32.whl", hash = "sha256:e3da3538549d5bdc84e6282555be4ba5a50c3792db7d8d72d064cc6f48a2f722"},
    {file = "jq-1.8.0-cp312-cp312-win_amd64.whl", hash = "sha256:049ba2978e61e593299edc6dd57b9cefd680272740ad1d4703f8784f5fab644d"},
    {file = "jq-1.8.0-cp313-cp313-macosx_10_13_x86_64.whl", hash = "sha256:76aea6161c4d975230e85735c0214c386e66035e96cfc4fd69159e87f46c09d4"},
    {file = "jq-1.8.0-cp313-cp313-macosx_11_0_arm64.whl", hash = "sha256:0c24a5f9e3807e277e19f305c8bcd0665b8b89251b053903f611969657680722"},
    {file = "jq-1.8.0-cp313-cp313-manylinux_2_17_aarch64.manylinux2014_aarch64.whl", hash = "sha256:eb484525dd801583ebd695d02f9165445a4d1b2fb560b187e6fc654911f0600e"},
    {file = "jq-1.8.0-cp313-cp313-manylinux_2_17_x86_64.manylinux2014_x86_64.whl", hash = "sha256:ddd9abdf0c1b30be1bf853d8c52187c96a51b2cbc05f40c43a37bf6a9b956807"},
    {file = "jq-1.8.0-cp313-cp313-manylinux_2_5_i686.manylinux1_i686.manylinux_2_17_i686.manylinux2014_i686.whl", hash = "sha256:2c7464d9b88c74a7119b53f4bbf88028d07a9de9a1a279e45209b763b89d6582"},
    {file = "jq-1.8.0-cp313-cp313-musllinux_1_2_aarch64.whl", hash = "sha256:b99761e8ec2cedb9906df4ceae33f467a377621019ef40a9a275689ac3577456"},
    {file = "jq-1.8.0-cp313-cp313-musllinux_1_2_i686.whl", hash = "sha256:1be1638f9d5f38c83440fb9626d8f78905ed5d70e926e3a664d3de1198e1ef79"},
    {file = "jq-1.8.0-cp313-cp313-musllinux_1_2_x86_64.whl", hash = "sha256:2d7e82d58bf3afe373afb3a01f866e473bbd34f38377a2f216c6222ec028eeea"},
    {file = "jq-1.8.0-cp313-cp313-win32.whl", hash = "sha256:96cb0bb35d55b19b910b12aba3d72e333ad6348a703494c7738cc4664e4410f0"},
    {file = "jq-1.8.0-cp313-cp313-win_amd64.whl", hash = "sha256:53e60a87657efc365a5d9ccfea2b536cddc1ffab190e823f8645ad933b272d51"},
    {file = "jq-1.8.0.tar.gz", hash = "sha256:53141eebca4bf8b4f2da5e44271a8a3694220dfd22d2b4b2cfb4816b2b6c9057"},
]

[[package]]
name = "markdown-it-py"
version = "3.0.0"
requires_python = ">=3.8"
summary = "Python port of markdown-it. Markdown parsing, done right!"
groups = ["default"]
dependencies = [
    "mdurl~=0.1",
]
files = [
    {file = "markdown-it-py-3.0.0.tar.gz", hash = "sha256:e3f60a94fa066dc52ec76661e37c851cb232d92f9886b15cb560aaada2df8feb"},
    {file = "markdown_it_py-3.0.0-py3-none-any.whl", hash = "sha256:355216845c60bd96232cd8d8c40e8f9765cc86f46880e43a8fd22dc1a1a8cab1"},
]

[[package]]
name = "mdurl"
version = "0.1.2"
requires_python = ">=3.7"
summary = "Markdown URL utilities"
groups = ["default"]
files = [
    {file = "mdurl-0.1.2-py3-none-any.whl", hash = "sha256:84008a41e51615a49fc9966191ff91509e3c40b939176e643fd50a5c2196b8f8"},
    {file = "mdurl-0.1.2.tar.gz", hash = "sha256:bb413d29f5eea38f31dd4754dd7377d4465116fb207585f97bf925588687c1ba"},
]

[[package]]
name = "openai"
version = "1.52.2"
requires_python = ">=3.7.1"
summary = "The official Python library for the openai API"
groups = ["default"]
dependencies = [
    "anyio<5,>=3.5.0",
    "cached-property; python_version < \"3.8\"",
    "distro<2,>=1.7.0",
    "httpx<1,>=0.23.0",
    "jiter<1,>=0.4.0",
    "pydantic<3,>=1.9.0",
    "sniffio",
    "tqdm>4",
    "typing-extensions<5,>=4.11",
]
files = [
    {file = "openai-1.52.2-py3-none-any.whl", hash = "sha256:57e9e37bc407f39bb6ec3a27d7e8fb9728b2779936daa1fcf95df17d3edfaccc"},
    {file = "openai-1.52.2.tar.gz", hash = "sha256:87b7d0f69d85f5641678d414b7ee3082363647a5c66a462ed7f3ccb59582da0d"},
]

[[package]]
name = "playwright"
version = "1.48.0"
requires_python = ">=3.8"
summary = "A high-level API to automate web browsers"
groups = ["default"]
dependencies = [
    "greenlet==3.1.1",
    "pyee==12.0.0",
]
files = [
    {file = "playwright-1.48.0-py3-none-macosx_10_13_x86_64.whl", hash = "sha256:082bce2739f1078acc7d0734da8cc0e23eb91b7fae553f3316d733276f09a6b1"},
    {file = "playwright-1.48.0-py3-none-macosx_11_0_arm64.whl", hash = "sha256:7da2eb51a19c7f3b523e9faa9d98e7af92e52eb983a099979ea79c9668e3cbf7"},
    {file = "playwright-1.48.0-py3-none-macosx_11_0_universal2.whl", hash = "sha256:115b988d1da322358b77bc3bf2d3cc90f8c881e691461538e7df91614c4833c9"},
    {file = "playwright-1.48.0-py3-none-manylinux1_x86_64.whl", hash = "sha256:8dabb80e62f667fe2640a8b694e26a7b884c0b4803f7514a3954fc849126227b"},
    {file = "playwright-1.48.0-py3-none-manylinux_2_17_aarch64.manylinux2014_aarch64.whl", hash = "sha256:8ff8303409ebed76bed4c3d655340320b768817d900ba208b394fdd7d7939a5c"},
    {file = "playwright-1.48.0-py3-none-win32.whl", hash = "sha256:85598c360c590076d4f435525be991246d74a905b654ac19d26eab7ed9b98b2d"},
    {file = "playwright-1.48.0-py3-none-win_amd64.whl", hash = "sha256:e0e87b0c4dc8fce83c725dd851aec37bc4e882bb225ec8a96bd83cf32d4f1623"},
]

[[package]]
name = "pydantic"
version = "2.9.2"
requires_python = ">=3.8"
summary = "Data validation using Python type hints"
groups = ["default"]
dependencies = [
    "annotated-types>=0.6.0",
    "pydantic-core==2.23.4",
    "typing-extensions>=4.12.2; python_version >= \"3.13\"",
    "typing-extensions>=4.6.1; python_version < \"3.13\"",
]
files = [
    {file = "pydantic-2.9.2-py3-none-any.whl", hash = "sha256:f048cec7b26778210e28a0459867920654d48e5e62db0958433636cde4254f12"},
    {file = "pydantic-2.9.2.tar.gz", hash = "sha256:d155cef71265d1e9807ed1c32b4c8deec042a44a50a4188b25ac67ecd81a9c0f"},
]

[[package]]
name = "pydantic-core"
version = "2.23.4"
requires_python = ">=3.8"
summary = "Core functionality for Pydantic validation and serialization"
groups = ["default"]
dependencies = [
    "typing-extensions!=4.7.0,>=4.6.0",
]
files = [
    {file = "pydantic_core-2.23.4-cp311-cp311-macosx_10_12_x86_64.whl", hash = "sha256:77733e3892bb0a7fa797826361ce8a9184d25c8dffaec60b7ffe928153680ba8"},
    {file = "pydantic_core-2.23.4-cp311-cp311-macosx_11_0_arm64.whl", hash = "sha256:1b84d168f6c48fabd1f2027a3d1bdfe62f92cade1fb273a5d68e621da0e44e6d"},
    {file = "pydantic_core-2.23.4-cp311-cp311-manylinux_2_17_aarch64.manylinux2014_aarch64.whl", hash = "sha256:df49e7a0861a8c36d089c1ed57d308623d60416dab2647a4a17fe050ba85de0e"},
    {file = "pydantic_core-2.23.4-cp311-cp311-manylinux_2_17_armv7l.manylinux2014_armv7l.whl", hash = "sha256:ff02b6d461a6de369f07ec15e465a88895f3223eb75073ffea56b84d9331f607"},
    {file = "pydantic_core-2.23.4-cp311-cp311-manylinux_2_17_ppc64le.manylinux2014_ppc64le.whl", hash = "sha256:996a38a83508c54c78a5f41456b0103c30508fed9abcad0a59b876d7398f25fd"},
    {file = "pydantic_core-2.23.4-cp311-cp311-manylinux_2_17_s390x.manylinux2014_s390x.whl", hash = "sha256:d97683ddee4723ae8c95d1eddac7c192e8c552da0c73a925a89fa8649bf13eea"},
    {file = "pydantic_core-2.23.4-cp311-cp311-manylinux_2_17_x86_64.manylinux2014_x86_64.whl", hash = "sha256:216f9b2d7713eb98cb83c80b9c794de1f6b7e3145eef40400c62e86cee5f4e1e"},
    {file = "pydantic_core-2.23.4-cp311-cp311-manylinux_2_5_i686.manylinux1_i686.whl", hash = "sha256:6f783e0ec4803c787bcea93e13e9932edab72068f68ecffdf86a99fd5918878b"},
    {file = "pydantic_core-2.23.4-cp311-cp311-musllinux_1_1_aarch64.whl", hash = "sha256:d0776dea117cf5272382634bd2a5c1b6eb16767c223c6a5317cd3e2a757c61a0"},
    {file = "pydantic_core-2.23.4-cp311-cp311-musllinux_1_1_x86_64.whl", hash = "sha256:d5f7a395a8cf1621939692dba2a6b6a830efa6b3cee787d82c7de1ad2930de64"},
    {file = "pydantic_core-2.23.4-cp311-none-win32.whl", hash = "sha256:74b9127ffea03643e998e0c5ad9bd3811d3dac8c676e47db17b0ee7c3c3bf35f"},
    {file = "pydantic_core-2.23.4-cp311-none-win_amd64.whl", hash = "sha256:98d134c954828488b153d88ba1f34e14259284f256180ce659e8d83e9c05eaa3"},
    {file = "pydantic_core-2.23.4-cp312-cp312-macosx_10_12_x86_64.whl", hash = "sha256:f3e0da4ebaef65158d4dfd7d3678aad692f7666877df0002b8a522cdf088f231"},
    {file = "pydantic_core-2.23.4-cp312-cp312-macosx_11_0_arm64.whl", hash = "sha256:f69a8e0b033b747bb3e36a44e7732f0c99f7edd5cea723d45bc0d6e95377ffee"},
    {file = "pydantic_core-2.23.4-cp312-cp312-manylinux_2_17_aarch64.manylinux2014_aarch64.whl", hash = "sha256:723314c1d51722ab28bfcd5240d858512ffd3116449c557a1336cbe3919beb87"},
    {file = "pydantic_core-2.23.4-cp312-cp312-manylinux_2_17_armv7l.manylinux2014_armv7l.whl", hash = "sha256:bb2802e667b7051a1bebbfe93684841cc9351004e2badbd6411bf357ab8d5ac8"},
    {file = "pydantic_core-2.23.4-cp312-cp312-manylinux_2_17_ppc64le.manylinux2014_ppc64le.whl", hash = "sha256:d18ca8148bebe1b0a382a27a8ee60350091a6ddaf475fa05ef50dc35b5df6327"},
    {file = "pydantic_core-2.23.4-cp312-cp312-manylinux_2_17_s390x.manylinux2014_s390x.whl", hash = "sha256:33e3d65a85a2a4a0dc3b092b938a4062b1a05f3a9abde65ea93b233bca0e03f2"},
    {file = "pydantic_core-2.23.4-cp312-cp312-manylinux_2_17_x86_64.manylinux2014_x86_64.whl", hash = "sha256:128585782e5bfa515c590ccee4b727fb76925dd04a98864182b22e89a4e6ed36"},
    {file = "pydantic_core-2.23.4-cp312-cp312-manylinux_2_5_i686.manylinux1_i686.whl", hash = "sha256:68665f4c17edcceecc112dfed5dbe6f92261fb9d6054b47d01bf6371a6196126"},
    {file = "pydantic_core-2.23.4-cp312-cp312-musllinux_1_1_aarch64.whl", hash = "sha256:20152074317d9bed6b7a95ade3b7d6054845d70584216160860425f4fbd5ee9e"},
    {file = "pydantic_core-2.23.4-cp312-cp312-musllinux_1_1_x86_64.whl", hash = "sha256:9261d3ce84fa1d38ed649c3638feefeae23d32ba9182963e465d58d62203bd24"},
    {file = "pydantic_core-2.23.4-cp312-none-win32.whl", hash = "sha256:4ba762ed58e8d68657fc1281e9bb72e1c3e79cc5d464be146e260c541ec12d84"},
    {file = "pydantic_core-2.23.4-cp312-none-win_amd64.whl", hash = "sha256:97df63000f4fea395b2824da80e169731088656d1818a11b95f3b173747b6cd9"},
    {file = "pydantic_core-2.23.4-cp313-cp313-macosx_10_12_x86_64.whl", hash = "sha256:7530e201d10d7d14abce4fb54cfe5b94a0aefc87da539d0346a484ead376c3cc"},
    {file = "pydantic_core-2.23.4-cp313-cp313-macosx_11_0_arm64.whl", hash = "sha256:df933278128ea1cd77772673c73954e53a1c95a4fdf41eef97c2b779271bd0bd"},
    {file = "pydantic_core-2.23.4-cp313-cp313-manylinux_2_17_aarch64.manylinux2014_aarch64.whl", hash = "sha256:0cb3da3fd1b6a5d0279a01877713dbda118a2a4fc6f0d821a57da2e464793f05"},
    {file = "pydantic_core-2.23.4-cp313-cp313-manylinux_2_17_armv7l.manylinux2014_armv7l.whl", hash = "sha256:42c6dcb030aefb668a2b7009c85b27f90e51e6a3b4d5c9bc4c57631292015b0d"},
    {file = "pydantic_core-2.23.4-cp313-cp313-manylinux_2_17_ppc64le.manylinux2014_ppc64le.whl", hash = "sha256:696dd8d674d6ce621ab9d45b205df149399e4bb9aa34102c970b721554828510"},
    {file = "pydantic_core-2.23.4-cp313-cp313-manylinux_2_17_s390x.manylinux2014_s390x.whl", hash = "sha256:2971bb5ffe72cc0f555c13e19b23c85b654dd2a8f7ab493c262071377bfce9f6"},
    {file = "pydantic_core-2.23.4-cp313-cp313-manylinux_2_17_x86_64.manylinux2014_x86_64.whl", hash = "sha256:8394d940e5d400d04cad4f75c0598665cbb81aecefaca82ca85bd28264af7f9b"},
    {file = "pydantic_core-2.23.4-cp313-cp313-manylinux_2_5_i686.manylinux1_i686.whl", hash = "sha256:0dff76e0602ca7d4cdaacc1ac4c005e0ce0dcfe095d5b5259163a80d3a10d327"},
    {file = "pydantic_core-2.23.4-cp313-cp313-musllinux_1_1_aarch64.whl", hash = "sha256:7d32706badfe136888bdea71c0def994644e09fff0bfe47441deaed8e96fdbc6"},
    {file = "pydantic_core-2.23.4-cp313-cp313-musllinux_1_1_x86_64.whl", hash = "sha256:ed541d70698978a20eb63d8c5d72f2cc6d7079d9d90f6b50bad07826f1320f5f"},
    {file = "pydantic_core-2.23.4-cp313-none-win32.whl", hash = "sha256:3d5639516376dce1940ea36edf408c554475369f5da2abd45d44621cb616f769"},
    {file = "pydantic_core-2.23.4-cp313-none-win_amd64.whl", hash = "sha256:5a1504ad17ba4210df3a045132a7baeeba5a200e930f57512ee02909fc5c4cb5"},
    {file = "pydantic_core-2.23.4.tar.gz", hash = "sha256:2584f7cf844ac4d970fba483a717dbe10c1c1c96a969bf65d61ffe94df1b2863"},
]

[[package]]
name = "pyee"
version = "12.0.0"
requires_python = ">=3.8"
summary = "A rough port of Node.js's EventEmitter to Python with a few tricks of its own"
groups = ["default"]
dependencies = [
    "typing-extensions",
]
files = [
    {file = "pyee-12.0.0-py3-none-any.whl", hash = "sha256:7b14b74320600049ccc7d0e0b1becd3b4bd0a03c745758225e31a59f4095c990"},
    {file = "pyee-12.0.0.tar.gz", hash = "sha256:c480603f4aa2927d4766eb41fa82793fe60a82cbfdb8d688e0d08c55a534e145"},
]

[[package]]
name = "pygments"
version = "2.18.0"
requires_python = ">=3.8"
summary = "Pygments is a syntax highlighting package written in Python."
groups = ["default"]
files = [
    {file = "pygments-2.18.0-py3-none-any.whl", hash = "sha256:b8e6aca0523f3ab76fee51799c488e38782ac06eafcf95e7ba832985c8e7b13a"},
    {file = "pygments-2.18.0.tar.gz", hash = "sha256:786ff802f32e91311bff3889f6e9a86e81505fe99f2735bb6d60ae0c5004f199"},
]

[[package]]
name = "rich"
version = "13.9.3"
requires_python = ">=3.8.0"
summary = "Render rich text, tables, progress bars, syntax highlighting, markdown and more to the terminal"
groups = ["default"]
dependencies = [
    "markdown-it-py>=2.2.0",
    "pygments<3.0.0,>=2.13.0",
    "typing-extensions<5.0,>=4.0.0; python_version < \"3.11\"",
]
files = [
    {file = "rich-13.9.3-py3-none-any.whl", hash = "sha256:9836f5096eb2172c9e77df411c1b009bace4193d6a481d534fea75ebba758283"},
    {file = "rich-13.9.3.tar.gz", hash = "sha256:bc1e01b899537598cf02579d2b9f4a415104d3fc439313a7a2c165d76557a08e"},
]

[[package]]
name = "sniffio"
version = "1.3.1"
requires_python = ">=3.7"
summary = "Sniff out which async library your code is running under"
groups = ["default"]
files = [
    {file = "sniffio-1.3.1-py3-none-any.whl", hash = "sha256:2f6da418d1f1e0fddd844478f41680e794e6051915791a034ff65e5f100525a2"},
    {file = "sniffio-1.3.1.tar.gz", hash = "sha256:f4324edc670a0f49750a81b895f35c3adb843cca46f0530f79fc1babb23789dc"},
]

[[package]]
name = "tqdm"
version = "4.66.5"
requires_python = ">=3.7"
summary = "Fast, Extensible Progress Meter"
groups = ["default"]
dependencies = [
    "colorama; platform_system == \"Windows\"",
]
files = [
    {file = "tqdm-4.66.5-py3-none-any.whl", hash = "sha256:90279a3770753eafc9194a0364852159802111925aa30eb3f9d85b0e805ac7cd"},
    {file = "tqdm-4.66.5.tar.gz", hash = "sha256:e1020aef2e5096702d8a025ac7d16b1577279c9d63f8375b63083e9a5f0fcbad"},
]

[[package]]
name = "typing-extensions"
version = "4.12.2"
requires_python = ">=3.8"
summary = "Backported and Experimental Type Hints for Python 3.8+"
groups = ["default"]
files = [
    {file = "typing_extensions-4.12.2-py3-none-any.whl", hash = "sha256:04e5ca0351e0f3f85c6853954072df659d0d13fac324d0072316b67d7794700d"},
    {file = "typing_extensions-4.12.2.tar.gz", hash = "sha256:1a7ead55c7e559dd4dee8856e3a88b41225abfe1ce8df57b7c13915fe121ffb8"},
]
